
Microsoft Visual Studio Solution File, Format Version 12.00
# Visual Studio 15
VisualStudioVersion = 15.0.27703.2035
MinimumVisualStudioVersion = 10.0.40219.1
Project("{FAE04EC0-301F-11D3-BF4B-00C04F79EFBC}") = "SMSAPP", "SMSAPP\SMSAPP.csproj", "{CF60D167-690C-4878-8A1C-57E1E9689BD1}"
EndProject
Project("{FAE04EC0-301F-11D3-BF4B-00C04F79EFBC}") = "EntidadesDAL", "EntidadesDAL\EntidadesDAL.csproj", "{3F082194-64A7-4378-91F8-BA9EF310A4C3}"
EndProject
Project("{FAE04EC0-301F-11D3-BF4B-00C04F79EFBC}") = "EntidadesSOL", "EntidadesSOL\EntidadesSOL.csproj", "{780A9498-8DE0-4A6E-B2A2-94836A9315B2}"
EndProject
Global
	GlobalSection(SolutionConfigurationPlatforms) = preSolution
		Debug|Any CPU = Debug|Any CPU
		Release|Any CPU = Release|Any CPU
	EndGlobalSection
	GlobalSection(ProjectConfigurationPlatforms) = postSolution
		{CF60D167-690C-4878-8A1C-57E1E9689BD1}.Debug|Any CPU.ActiveCfg = Debug|Any CPU
		{CF60D167-690C-4878-8A1C-57E1E9689BD1}.Debug|Any CPU.Build.0 = Debug|Any CPU
		{CF60D167-690C-4878-8A1C-57E1E9689BD1}.Release|Any CPU.ActiveCfg = Release|Any CPU
		{CF60D167-690C-4878-8A1C-57E1E9689BD1}.Release|Any CPU.Build.0 = Release|Any CPU
		{3F082194-64A7-4378-91F8-BA9EF310A4C3}.Debug|Any CPU.ActiveCfg = Debug|Any CPU
		{3F082194-64A7-4378-91F8-BA9EF310A4C3}.Debug|Any CPU.Build.0 = Debug|Any CPU
		{3F082194-64A7-4378-91F8-BA9EF310A4C3}.Release|Any CPU.ActiveCfg = Release|Any CPU
		{3F082194-64A7-4378-91F8-BA9EF310A4C3}.Release|Any CPU.Build.0 = Release|Any CPU
		{780A9498-8DE0-4A6E-B2A2-94836A9315B2}.Debug|Any CPU.ActiveCfg = Debug|Any CPU
		{780A9498-8DE0-4A6E-B2A2-94836A9315B2}.Debug|Any CPU.Build.0 = Debug|Any CPU
		{780A9498-8DE0-4A6E-B2A2-94836A9315B2}.Release|Any CPU.ActiveCfg = Release|Any CPU
		{780A9498-8DE0-4A6E-B2A2-94836A9315B2}.Release|Any CPU.Build.0 = Release|Any CPU
	EndGlobalSection
	GlobalSection(SolutionProperties) = preSolution
		HideSolutionNode = FALSE
	EndGlobalSection
	GlobalSection(ExtensibilityGlobals) = postSolution
		SolutionGuid = {7D336698-0007-439F-A26D-DFDCAEB12413}
	EndGlobalSection
EndGlobal
